# THIS IS AN AUTOGENERATED FILE. DO NOT EDIT THIS FILE DIRECTLY.
# yarn lockfile v1


"@cypress/react@file:../../dist":
  version "0.0.0"

"@fullhuman/postcss-purgecss@^2.1.2":
  version "2.3.0"
  resolved "https://registry.yarnpkg.com/@fullhuman/postcss-purgecss/-/postcss-purgecss-2.3.0.tgz#50a954757ec78696615d3e118e3fee2d9291882e"
  integrity sha512-qnKm5dIOyPGJ70kPZ5jiz0I9foVOic0j+cOzNDoo8KoCf6HjicIZ99UfO2OmE7vCYSKAAepEwJtNzpiiZAh9xw==
  dependencies:
    postcss "7.0.32"
    purgecss "^2.3.0"

"@oozcitak/dom@1.15.8":
  version "1.15.8"
  resolved "https://registry.yarnpkg.com/@oozcitak/dom/-/dom-1.15.8.tgz#0c0c7bb54cfdaadc07fd637913e706101721d15d"
  integrity sha512-MoOnLBNsF+ok0HjpAvxYxR4piUhRDCEWK0ot3upwOOHYudJd30j6M+LNcE8RKpwfnclAX9T66nXXzkytd29XSw==
  dependencies:
    "@oozcitak/infra" "1.0.8"
    "@oozcitak/url" "1.0.4"
    "@oozcitak/util" "8.3.8"

"@oozcitak/infra@1.0.8":
  version "1.0.8"
  resolved "https://registry.yarnpkg.com/@oozcitak/infra/-/infra-1.0.8.tgz#b0b089421f7d0f6878687608301fbaba837a7d17"
  integrity sha512-JRAUc9VR6IGHOL7OGF+yrvs0LO8SlqGnPAMqyzOuFZPSZSXI7Xf2O9+awQPSMXgIWGtgUf/dA6Hs6X6ySEaWTg==
  dependencies:
    "@oozcitak/util" "8.3.8"

"@oozcitak/url@1.0.4":
  version "1.0.4"
  resolved "https://registry.yarnpkg.com/@oozcitak/url/-/url-1.0.4.tgz#ca8b1c876319cf5a648dfa1123600a6aa5cda6ba"
  integrity sha512-kDcD8y+y3FCSOvnBI6HJgl00viO/nGbQoCINmQ0h98OhnGITrWR3bOGfwYCthgcrV8AnTJz8MzslTQbC3SOAmw==
  dependencies:
    "@oozcitak/infra" "1.0.8"
    "@oozcitak/util" "8.3.8"

"@oozcitak/util@8.3.8":
  version "8.3.8"
  resolved "https://registry.yarnpkg.com/@oozcitak/util/-/util-8.3.8.tgz#10f65fe1891fd8cde4957360835e78fd1936bfdd"
  integrity sha512-T8TbSnGsxo6TDBJx/Sgv/BlVJL3tshxZP7Aq5R1mSnM5OcHY2dQaxLMu2+E8u3gN0MLOzdjurqN4ZRVuzQycOQ==

"@types/node@14.6.2":
  version "14.6.2"
  resolved "https://registry.yarnpkg.com/@types/node/-/node-14.6.2.tgz#264b44c5a28dfa80198fc2f7b6d3c8a054b9491f"
  integrity sha512-onlIwbaeqvZyniGPfdw/TEhKIh79pz66L1q06WUQqJLnAb6wbjvOtepLYTGHTqzdXgBYIE3ZdmqHDGsRsbBz7A==

acorn-node@^1.6.1:
  version "1.8.2"
  resolved "https://registry.yarnpkg.com/acorn-node/-/acorn-node-1.8.2.tgz#114c95d64539e53dede23de8b9d96df7c7ae2af8"
  integrity sha512-8mt+fslDufLYntIoPAaIMUe/lrbrehIiwmR3t2k9LljIzoigEPF27eLk2hy8zSGzmR/ogr7zbRKINMo1u0yh5A==
  dependencies:
    acorn "^7.0.0"
    acorn-walk "^7.0.0"
    xtend "^4.0.2"

acorn-walk@^7.0.0:
  version "7.2.0"
  resolved "https://registry.yarnpkg.com/acorn-walk/-/acorn-walk-7.2.0.tgz#0de889a601203909b0fbe07b8938dc21d2e967bc"
  integrity sha512-OPdCF6GsMIP+Az+aWfAAOEt2/+iVDKE7oy6lJ098aoe59oAmK76qV6Gw60SbZ8jHuG2wH058GF4pLFbYamYrVA==

acorn@^7.0.0:
  version "7.4.1"
  resolved "https://registry.yarnpkg.com/acorn/-/acorn-7.4.1.tgz#feaed255973d2e77555b83dbc08851a6c63520fa"
  integrity sha512-nQyp0o1/mNdbTO1PO6kHkwSrmgZ0MT/jCCpNiwbUjGoRN4dlBhqJtoQuCnEOKzgTVwg0ZWiCoQy6SxMebQVh8A==

ansi-regex@^5.0.0:
  version "5.0.0"
  resolved "https://registry.yarnpkg.com/ansi-regex/-/ansi-regex-5.0.0.tgz#388539f55179bf39339c81af30a654d69f87cb75"
  integrity sha512-bY6fj56OUQ0hU1KjFNDQuJFezqKdrAyFdIevADiqrWHwSlbmBNMHp5ak2f40Pm8JTFyM2mqxkG6ngkHO11f/lg==

ansi-styles@^3.2.1:
  version "3.2.1"
  resolved "https://registry.yarnpkg.com/ansi-styles/-/ansi-styles-3.2.1.tgz#41fbb20243e50b12be0f04b8dedbf07520ce841d"
  integrity sha512-VT0ZI6kZRdTh8YyJw3SMbYm/u+NqfsAxEpWO0Pf9sq8/e94WxxOpPKx9FR1FlyCtOVDNOQ+8ntlqFxiRc+r5qA==
  dependencies:
    color-convert "^1.9.0"

ansi-styles@^4.1.0:
  version "4.3.0"
  resolved "https://registry.yarnpkg.com/ansi-styles/-/ansi-styles-4.3.0.tgz#edd803628ae71c04c85ae7a0906edad34b648937"
  integrity sha512-zbB9rCJAT1rbjiVDb2hqKFHNYLxgtk8NURxZ3IZwD3F6NtxbXZQCnnSi1Lkx+IDohdPlFp222wVALIheZJQSEg==
  dependencies:
    color-convert "^2.0.1"

argparse@^1.0.7:
  version "1.0.10"
  resolved "https://registry.yarnpkg.com/argparse/-/argparse-1.0.10.tgz#bcd6791ea5ae09725e17e5ad988134cd40b3d911"
  integrity sha512-o5Roy6tNG4SL/FOkCAN6RzjiakZS25RLYFrcMttJqbdd8BWrnA+fGz57iN5Pb06pvBGvl5gQ0B48dJlslXvoTg==
  dependencies:
    sprintf-js "~1.0.2"

autoprefixer@^9.4.5:
  version "9.8.6"
  resolved "https://registry.yarnpkg.com/autoprefixer/-/autoprefixer-9.8.6.tgz#3b73594ca1bf9266320c5acf1588d74dea74210f"
  integrity sha512-XrvP4VVHdRBCdX1S3WXVD8+RyG9qeb1D5Sn1DeLiG2xfSpzellk5k54xbUERJ3M5DggQxes39UGOTP8CFrEGbg==
  dependencies:
    browserslist "^4.12.0"
    caniuse-lite "^1.0.30001109"
    colorette "^1.2.1"
    normalize-range "^0.1.2"
    num2fraction "^1.2.2"
    postcss "^7.0.32"
    postcss-value-parser "^4.1.0"

balanced-match@^1.0.0:
  version "1.0.0"
  resolved "https://registry.yarnpkg.com/balanced-match/-/balanced-match-1.0.0.tgz#89b4d199ab2bee49de164ea02b89ce462d71b767"
  integrity sha1-ibTRmasr7kneFk6gK4nORi1xt2c=

brace-expansion@^1.1.7:
  version "1.1.11"
  resolved "https://registry.yarnpkg.com/brace-expansion/-/brace-expansion-1.1.11.tgz#3c7fcbf529d87226f3d2f52b966ff5271eb441dd"
  integrity sha512-iCuPHDFgrHX7H2vEI/5xpz07zSHB00TpugqhmYtVmMO6518mCuRMoOYFldEBl0g187ufozdaHgWKcYFb61qGiA==
  dependencies:
    balanced-match "^1.0.0"
    concat-map "0.0.1"

browserslist@^4.12.0:
  version "4.14.5"
  resolved "https://registry.yarnpkg.com/browserslist/-/browserslist-4.14.5.tgz#1c751461a102ddc60e40993639b709be7f2c4015"
  integrity sha512-Z+vsCZIvCBvqLoYkBFTwEYH3v5MCQbsAjp50ERycpOjnPmolg1Gjy4+KaWWpm8QOJt9GHkhdqAl14NpCX73CWA==
  dependencies:
    caniuse-lite "^1.0.30001135"
    electron-to-chromium "^1.3.571"
    escalade "^3.1.0"
    node-releases "^1.1.61"

bytes@^3.0.0:
  version "3.1.0"
  resolved "https://registry.yarnpkg.com/bytes/-/bytes-3.1.0.tgz#f6cf7933a360e0588fa9fde85651cdc7f805d1f6"
  integrity sha512-zauLjrfCG+xvoyaqLoV8bLVXXNGC4JqlxFCutSDWA6fJrTo2ZuvLYTqZ7aHBLZSMOopbzwv8f+wZcVzfVTI2Dg==

camelcase-css@^2.0.1:
  version "2.0.1"
  resolved "https://registry.yarnpkg.com/camelcase-css/-/camelcase-css-2.0.1.tgz#ee978f6947914cc30c6b44741b6ed1df7f043fd5"
  integrity sha512-QOSvevhslijgYwRx6Rv7zKdMF8lbRmx+uQGx2+vDc+KI/eBnsy9kit5aj23AgGu3pa4t9AgwbnXWqS+iOY+2aA==

caniuse-lite@^1.0.30001109, caniuse-lite@^1.0.30001135:
  version "1.0.30001146"
  resolved "https://registry.yarnpkg.com/caniuse-lite/-/caniuse-lite-1.0.30001146.tgz#c61fcb1474520c1462913689201fb292ba6f447c"
  integrity sha512-VAy5RHDfTJhpxnDdp2n40GPPLp3KqNrXz1QqFv4J64HvArKs8nuNMOWkB3ICOaBTU/Aj4rYAo/ytdQDDFF/Pug==

chalk@^2.4.1, chalk@^2.4.2:
  version "2.4.2"
  resolved "https://registry.yarnpkg.com/chalk/-/chalk-2.4.2.tgz#cd42541677a54333cf541a49108c1432b44c9424"
  integrity sha512-Mti+f9lpJNcwF4tWV8/OrTTtF1gZi+f8FqlyAdouralcFWFQWF2+NgCHShjkCb+IFBLq9buZwE1xckQU4peSuQ==
  dependencies:
    ansi-styles "^3.2.1"
    escape-string-regexp "^1.0.5"
    supports-color "^5.3.0"

chalk@^4.0.0:
  version "4.1.0"
  resolved "https://registry.yarnpkg.com/chalk/-/chalk-4.1.0.tgz#4e14870a618d9e2edd97dd8345fd9d9dc315646a"
  integrity sha512-qwx12AxXe2Q5xQ43Ac//I6v5aXTipYrSESdOgzrN+9XjgEpyjpKuvSGaN4qE93f7TQTlerQQ8S+EQ0EyDoVL1A==
  dependencies:
    ansi-styles "^4.1.0"
    supports-color "^7.1.0"

color-convert@^1.9.0, color-convert@^1.9.1:
  version "1.9.3"
  resolved "https://registry.yarnpkg.com/color-convert/-/color-convert-1.9.3.tgz#bb71850690e1f136567de629d2d5471deda4c1e8"
  integrity sha512-QfAUtd+vFdAtFQcC8CCyYt1fYWxSqAiK2cSD6zDB8N3cpsEBAvRxp9zOGg6G/SHHJYAT88/az/IuDGALsNVbGg==
  dependencies:
    color-name "1.1.3"

color-convert@^2.0.1:
  version "2.0.1"
  resolved "https://registry.yarnpkg.com/color-convert/-/color-convert-2.0.1.tgz#72d3a68d598c9bdb3af2ad1e84f21d896abd4de3"
  integrity sha512-RRECPsj7iu/xb5oKYcsFHSppFNnsj/52OVTRKb4zP5onXwVF3zVmmToNcOfGC+CRDpfK/U584fMg38ZHCaElKQ==
  dependencies:
    color-name "~1.1.4"

color-name@1.1.3:
  version "1.1.3"
  resolved "https://registry.yarnpkg.com/color-name/-/color-name-1.1.3.tgz#a7d0558bd89c42f795dd42328f740831ca53bc25"
  integrity sha1-p9BVi9icQveV3UIyj3QIMcpTvCU=

color-name@^1.0.0, color-name@~1.1.4:
  version "1.1.4"
  resolved "https://registry.yarnpkg.com/color-name/-/color-name-1.1.4.tgz#c2a09a87acbde69543de6f63fa3995c826c536a2"
  integrity sha512-dOy+3AuW3a2wNbZHIuMZpTcgjGuLU/uBL/ubcZF9OXbDo8ff4O8yVp5Bf0efS8uEoYo5q4Fx7dY9OgQGXgAsQA==

color-string@^1.5.2:
  version "1.5.3"
  resolved "https://registry.yarnpkg.com/color-string/-/color-string-1.5.3.tgz#c9bbc5f01b58b5492f3d6857459cb6590ce204cc"
  integrity sha512-dC2C5qeWoYkxki5UAXapdjqO672AM4vZuPGRQfO8b5HKuKGBbKWpITyDYN7TOFKvRW7kOgAn3746clDBMDJyQw==
  dependencies:
    color-name "^1.0.0"
    simple-swizzle "^0.2.2"

color@^3.1.2:
  version "3.1.2"
  resolved "https://registry.yarnpkg.com/color/-/color-3.1.2.tgz#68148e7f85d41ad7649c5fa8c8106f098d229e10"
  integrity sha512-vXTJhHebByxZn3lDvDJYw4lR5+uB3vuoHsuYA5AKuxRVn5wzzIfQKGLBmgdVRHKTJYeK5rvJcHnrd0Li49CFpg==
  dependencies:
    color-convert "^1.9.1"
    color-string "^1.5.2"

colorette@^1.2.1:
  version "1.2.1"
  resolved "https://registry.yarnpkg.com/colorette/-/colorette-1.2.1.tgz#4d0b921325c14faf92633086a536db6e89564b1b"
  integrity sha512-puCDz0CzydiSYOrnXpz/PKd69zRrribezjtE9yd4zvytoRc8+RY/KJPvtPFKZS3E3wP6neGyMe0vOTlHO5L3Pw==

commander@^5.0.0:
  version "5.1.0"
  resolved "https://registry.yarnpkg.com/commander/-/commander-5.1.0.tgz#46abbd1652f8e059bddaef99bbdcb2ad9cf179ae"
  integrity sha512-P0CysNDQ7rtVw4QIQtm+MRxV66vKFSvlsQvGYXZWR3qFU0jlMKHZZZgw8e+8DSah4UDKMqnknRDQz+xuQXQ/Zg==

concat-map@0.0.1:
  version "0.0.1"
  resolved "https://registry.yarnpkg.com/concat-map/-/concat-map-0.0.1.tgz#d8a96bd77fd68df7793a73036a3ba0d5405d477b"
  integrity sha1-2Klr13/Wjfd5OnMDajug1UBdR3s=

css-unit-converter@^1.1.1:
  version "1.1.2"
  resolved "https://registry.yarnpkg.com/css-unit-converter/-/css-unit-converter-1.1.2.tgz#4c77f5a1954e6dbff60695ecb214e3270436ab21"
  integrity sha512-IiJwMC8rdZE0+xiEZHeru6YoONC4rfPMqGm2W85jMIbkFvv5nFTwJVFHam2eFrN6txmoUYFAFXiv8ICVeTO0MA==

cssesc@^3.0.0:
  version "3.0.0"
  resolved "https://registry.yarnpkg.com/cssesc/-/cssesc-3.0.0.tgz#37741919903b868565e1c09ea747445cd18983ee"
  integrity sha512-/Tb/JcjK111nNScGob5MNtsntNM1aCNUDipB/TkwZFhyDrrE47SOx/18wF2bbjgc3ZzCSKW1T5nt5EbFoAz/Vg==

cypress-circleci-reporter@0.2.0:
  version "0.2.0"
  resolved "https://registry.yarnpkg.com/cypress-circleci-reporter/-/cypress-circleci-reporter-0.2.0.tgz#a3e1571694f4e21649a6af4d508e68948d23622d"
  integrity sha512-uhqcJwvtKJ7Bw3RHVBTqUH9GP2L6jq+qLp/+/Jh3/OSe5Af6H7RxIARhvawsvbPrg9lMWdW/jCezjeUcXrl9uA==
  dependencies:
    strip-ansi "^6.0.0"
    xmlbuilder2 "^2.1.1"

defined@^1.0.0:
  version "1.0.0"
  resolved "https://registry.yarnpkg.com/defined/-/defined-1.0.0.tgz#c98d9bcef75674188e110969151199e39b1fa693"
  integrity sha1-yY2bzvdWdBiOEQlpFRGZ45sfppM=

detective@^5.2.0:
  version "5.2.0"
  resolved "https://registry.yarnpkg.com/detective/-/detective-5.2.0.tgz#feb2a77e85b904ecdea459ad897cc90a99bd2a7b"
  integrity sha512-6SsIx+nUUbuK0EthKjv0zrdnajCCXVYGmbYYiYjFVpzcjwEs/JMDZ8tPRG29J/HhN56t3GJp2cGSWDRjjot8Pg==
  dependencies:
    acorn-node "^1.6.1"
    defined "^1.0.0"
    minimist "^1.1.1"

electron-to-chromium@^1.3.571:
  version "1.3.578"
  resolved "https://registry.yarnpkg.com/electron-to-chromium/-/electron-to-chromium-1.3.578.tgz#e6671936f4571a874eb26e2e833aa0b2c0b776e0"
  integrity sha512-z4gU6dA1CbBJsAErW5swTGAaU2TBzc2mPAonJb00zqW1rOraDo2zfBMDRvaz9cVic+0JEZiYbHWPw/fTaZlG2Q==

escalade@^3.1.0:
  version "3.1.0"
  resolved "https://registry.yarnpkg.com/escalade/-/escalade-3.1.0.tgz#e8e2d7c7a8b76f6ee64c2181d6b8151441602d4e"
  integrity sha512-mAk+hPSO8fLDkhV7V0dXazH5pDc6MrjBTPyD3VeKzxnVFjH1MIxbCdqGZB9O8+EwWakZs3ZCbDS4IpRt79V1ig==

escape-string-regexp@^1.0.5:
  version "1.0.5"
  resolved "https://registry.yarnpkg.com/escape-string-regexp/-/escape-string-regexp-1.0.5.tgz#1b61c0562190a8dff6ae3bb2cf0200ca130b86d4"
  integrity sha1-G2HAViGQqN/2rjuyzwIAyhMLhtQ=

esprima@^4.0.0:
  version "4.0.1"
  resolved "https://registry.yarnpkg.com/esprima/-/esprima-4.0.1.tgz#13b04cdb3e6c5d19df91ab6987a8695619b0aa71"
  integrity sha512-eGuFFw7Upda+g4p+QHvnW0RyTX/SVeJBDM/gCtMARO0cLuT2HcEKnTPvhjV6aGeqrCB/sbNop0Kszm0jsaWU4A==

fs-extra@^8.0.0:
  version "8.1.0"
  resolved "https://registry.yarnpkg.com/fs-extra/-/fs-extra-8.1.0.tgz#49d43c45a88cd9677668cb7be1b46efdb8d2e1c0"
  integrity sha512-yhlQgA6mnOJUKOsRUFsgJdQCvkKhcz8tlZG5HBQfReYZy46OwLcY+Zia0mtdHsOo9y/hP+CxMN0TU9QxoOtG4g==
  dependencies:
    graceful-fs "^4.2.0"
    jsonfile "^4.0.0"
    universalify "^0.1.0"

fs.realpath@^1.0.0:
  version "1.0.0"
  resolved "https://registry.yarnpkg.com/fs.realpath/-/fs.realpath-1.0.0.tgz#1504ad2523158caa40db4a2787cb01411994ea4f"
  integrity sha1-FQStJSMVjKpA20onh8sBQRmU6k8=

glob@^7.0.0, glob@^7.1.2:
  version "7.1.6"
  resolved "https://registry.yarnpkg.com/glob/-/glob-7.1.6.tgz#141f33b81a7c2492e125594307480c46679278a6"
  integrity sha512-LwaxwyZ72Lk7vZINtNNrywX0ZuLyStrdDtabefZKAY5ZGJhVtgdznluResxNmPitE0SAO+O26sWTHeKSI2wMBA==
  dependencies:
    fs.realpath "^1.0.0"
    inflight "^1.0.4"
    inherits "2"
    minimatch "^3.0.4"
    once "^1.3.0"
    path-is-absolute "^1.0.0"

graceful-fs@^4.1.6, graceful-fs@^4.2.0:
  version "4.2.4"
  resolved "https://registry.yarnpkg.com/graceful-fs/-/graceful-fs-4.2.4.tgz#2256bde14d3632958c465ebc96dc467ca07a29fb"
  integrity sha512-WjKPNJF79dtJAVniUlGGWHYGz2jWxT6VhN/4m1NdkbZ2nOsEF+cI1Edgql5zCRhs/VsQYRvrXctxktVXZUkixw==

has-flag@^3.0.0:
  version "3.0.0"
  resolved "https://registry.yarnpkg.com/has-flag/-/has-flag-3.0.0.tgz#b5d454dc2199ae225699f3467e5a07f3b955bafd"
  integrity sha1-tdRU3CGZriJWmfNGfloH87lVuv0=

has-flag@^4.0.0:
  version "4.0.0"
  resolved "https://registry.yarnpkg.com/has-flag/-/has-flag-4.0.0.tgz#944771fd9c81c81265c4d6941860da06bb59479b"
  integrity sha512-EykJT/Q1KjTWctppgIAgfSO0tKVuZUjhgMr17kqTumMl6Afv3EISleU7qZUzoXDFTAHTDC4NOoG/ZxU3EvlMPQ==

indexes-of@^1.0.1:
  version "1.0.1"
  resolved "https://registry.yarnpkg.com/indexes-of/-/indexes-of-1.0.1.tgz#f30f716c8e2bd346c7b67d3df3915566a7c05607"
  integrity sha1-8w9xbI4r00bHtn0985FVZqfAVgc=

inflight@^1.0.4:
  version "1.0.6"
  resolved "https://registry.yarnpkg.com/inflight/-/inflight-1.0.6.tgz#49bd6331d7d02d0c09bc910a1075ba8165b56df9"
  integrity sha1-Sb1jMdfQLQwJvJEKEHW6gWW1bfk=
  dependencies:
    once "^1.3.0"
    wrappy "1"

inherits@2:
  version "2.0.4"
  resolved "https://registry.yarnpkg.com/inherits/-/inherits-2.0.4.tgz#0fa2c64f932917c3433a0ded55363aae37416b7c"
  integrity sha512-k/vGaX4/Yla3WzyMCvTQOXYeIHvqOKtnqBduzTHpzpQZzAskKMhZ2K+EnBiSM9zGSoIFeMpXKxa4dYeZIQqewQ==

is-arrayish@^0.3.1:
  version "0.3.2"
  resolved "https://registry.yarnpkg.com/is-arrayish/-/is-arrayish-0.3.2.tgz#4574a2ae56f7ab206896fb431eaeed066fdf8f03"
  integrity sha512-eVRqCvVlZbuw3GrM63ovNSNAeA1K16kaR/LRY/92w0zxQ5/1YzwblUX652i4Xs9RwAGjW9d9y6X88t8OaAJfWQ==

js-yaml@3.14.0:
  version "3.14.0"
  resolved "https://registry.yarnpkg.com/js-yaml/-/js-yaml-3.14.0.tgz#a7a34170f26a21bb162424d8adacb4113a69e482"
  integrity sha512-/4IbIeHcD9VMHFqDR/gQ7EdZdLimOvW2DdcxFjdyyZ9NsbS+ccrXqVWDtab/lRl5AlUqmpBx8EhPaWR+OtY17A==
  dependencies:
    argparse "^1.0.7"
    esprima "^4.0.0"

jsonfile@^4.0.0:
  version "4.0.0"
  resolved "https://registry.yarnpkg.com/jsonfile/-/jsonfile-4.0.0.tgz#8771aae0799b64076b76640fca058f9c10e33ecb"
  integrity sha1-h3Gq4HmbZAdrdmQPygWPnBDjPss=
  optionalDependencies:
    graceful-fs "^4.1.6"

lodash.toarray@^4.4.0:
  version "4.4.0"
  resolved "https://registry.yarnpkg.com/lodash.toarray/-/lodash.toarray-4.4.0.tgz#24c4bfcd6b2fba38bfd0594db1179d8e9b656561"
  integrity sha1-JMS/zWsvuji/0FlNsRedjptlZWE=

lodash@^4.17.15:
  version "4.17.20"
  resolved "https://registry.yarnpkg.com/lodash/-/lodash-4.17.20.tgz#b44a9b6297bcb698f1c51a3545a2b3b368d59c52"
  integrity sha512-PlhdFcillOINfeV7Ni6oF1TAEayyZBoZ8bcshTHqOYJYlrqzRK5hagpagky5o4HfCzzd1TRkXPMFq6cKk9rGmA==

minimatch@^3.0.4:
  version "3.0.4"
  resolved "https://registry.yarnpkg.com/minimatch/-/minimatch-3.0.4.tgz#5166e286457f03306064be5497e8dbb0c3d32083"
  integrity sha512-yJHVQEhyqPLUTgt9B83PXu6W3rx4MvvHvSUvToogpwoGDOUQ+yDrR0HRot+yOCdCO7u4hX3pWft6kWBBcqh0UA==
  dependencies:
    brace-expansion "^1.1.7"

minimist@^1.1.1:
  version "1.2.5"
  resolved "https://registry.yarnpkg.com/minimist/-/minimist-1.2.5.tgz#67d66014b66a6a8aaa0c083c5fd58df4e4e97602"
  integrity sha512-FM9nNUYrRBAELZQT3xeZQ7fmMOBg6nWNmJKTcgsJeaLstP/UODVpGsr5OhXhhXg6f+qtJ8uiZ+PUxkDWcgIXLw==

node-emoji@^1.8.1:
  version "1.10.0"
  resolved "https://registry.yarnpkg.com/node-emoji/-/node-emoji-1.10.0.tgz#8886abd25d9c7bb61802a658523d1f8d2a89b2da"
  integrity sha512-Yt3384If5H6BYGVHiHwTL+99OzJKHhgp82S8/dktEK73T26BazdgZ4JZh92xSVtGNJvz9UbXdNAc5hcrXV42vw==
  dependencies:
    lodash.toarray "^4.4.0"

node-releases@^1.1.61:
  version "1.1.61"
  resolved "https://registry.yarnpkg.com/node-releases/-/node-releases-1.1.61.tgz#707b0fca9ce4e11783612ba4a2fcba09047af16e"
  integrity sha512-DD5vebQLg8jLCOzwupn954fbIiZht05DAZs0k2u8NStSe6h9XdsuIQL8hSRKYiU8WUQRznmSDrKGbv3ObOmC7g==

normalize-range@^0.1.2:
  version "0.1.2"
  resolved "https://registry.yarnpkg.com/normalize-range/-/normalize-range-0.1.2.tgz#2d10c06bdfd312ea9777695a4d28439456b75942"
  integrity sha1-LRDAa9/TEuqXd2laTShDlFa3WUI=

normalize.css@^8.0.1:
  version "8.0.1"
  resolved "https://registry.yarnpkg.com/normalize.css/-/normalize.css-8.0.1.tgz#9b98a208738b9cc2634caacbc42d131c97487bf3"
  integrity sha512-qizSNPO93t1YUuUhP22btGOo3chcvDFqFaj2TRybP0DMxkHOCTYwp3n34fel4a31ORXy4m1Xq0Gyqpb5m33qIg==

num2fraction@^1.2.2:
  version "1.2.2"
  resolved "https://registry.yarnpkg.com/num2fraction/-/num2fraction-1.2.2.tgz#6f682b6a027a4e9ddfa4564cd2589d1d4e669ede"
  integrity sha1-b2gragJ6Tp3fpFZM0lidHU5mnt4=

object-assign@^4.1.1:
  version "4.1.1"
  resolved "https://registry.yarnpkg.com/object-assign/-/object-assign-4.1.1.tgz#2109adc7965887cfc05cbbd442cac8bfbb360863"
  integrity sha1-IQmtx5ZYh8/AXLvUQsrIv7s2CGM=

once@^1.3.0:
  version "1.4.0"
  resolved "https://registry.yarnpkg.com/once/-/once-1.4.0.tgz#583b1aa775961d4b113ac17d9c50baef9dd76bd1"
  integrity sha1-WDsap3WWHUsROsF9nFC6753Xa9E=
  dependencies:
    wrappy "1"

path-is-absolute@^1.0.0:
  version "1.0.1"
  resolved "https://registry.yarnpkg.com/path-is-absolute/-/path-is-absolute-1.0.1.tgz#174b9268735534ffbc7ace6bf53a5a9e1b5c5f5f"
  integrity sha1-F0uSaHNVNP+8es5r9TpanhtcX18=

path-parse@^1.0.6:
  version "1.0.6"
  resolved "https://registry.yarnpkg.com/path-parse/-/path-parse-1.0.6.tgz#d62dbb5679405d72c4737ec58600e9ddcf06d24c"
  integrity sha512-GSmOT2EbHrINBf9SR7CDELwlJ8AENk3Qn7OikK4nFYAu3Ote2+JYNVvkpAEQm3/TLNEJFD/xZJjzyxg3KBWOzw==

postcss-functions@^3.0.0:
  version "3.0.0"
  resolved "https://registry.yarnpkg.com/postcss-functions/-/postcss-functions-3.0.0.tgz#0e94d01444700a481de20de4d55fb2640564250e"
  integrity sha1-DpTQFERwCkgd4g3k1V+yZAVkJQ4=
  dependencies:
    glob "^7.1.2"
    object-assign "^4.1.1"
    postcss "^6.0.9"
    postcss-value-parser "^3.3.0"

postcss-js@^2.0.0:
  version "2.0.3"
  resolved "https://registry.yarnpkg.com/postcss-js/-/postcss-js-2.0.3.tgz#a96f0f23ff3d08cec7dc5b11bf11c5f8077cdab9"
  integrity sha512-zS59pAk3deu6dVHyrGqmC3oDXBdNdajk4k1RyxeVXCrcEDBUBHoIhE4QTsmhxgzXxsaqFDAkUZfmMa5f/N/79w==
  dependencies:
    camelcase-css "^2.0.1"
    postcss "^7.0.18"

postcss-nested@^4.1.1:
  version "4.2.3"
  resolved "https://registry.yarnpkg.com/postcss-nested/-/postcss-nested-4.2.3.tgz#c6f255b0a720549776d220d00c4b70cd244136f6"
  integrity sha512-rOv0W1HquRCamWy2kFl3QazJMMe1ku6rCFoAAH+9AcxdbpDeBr6k968MLWuLjvjMcGEip01ak09hKOEgpK9hvw==
  dependencies:
    postcss "^7.0.32"
    postcss-selector-parser "^6.0.2"

postcss-selector-parser@^6.0.0, postcss-selector-parser@^6.0.2:
  version "6.0.4"
  resolved "https://registry.yarnpkg.com/postcss-selector-parser/-/postcss-selector-parser-6.0.4.tgz#56075a1380a04604c38b063ea7767a129af5c2b3"
  integrity sha512-gjMeXBempyInaBqpp8gODmwZ52WaYsVOsfr4L4lDQ7n3ncD6mEyySiDtgzCT+NYC0mmeOLvtsF8iaEf0YT6dBw==
  dependencies:
    cssesc "^3.0.0"
    indexes-of "^1.0.1"
    uniq "^1.0.1"
    util-deprecate "^1.0.2"

postcss-value-parser@^3.3.0:
  version "3.3.1"
  resolved "https://registry.yarnpkg.com/postcss-value-parser/-/postcss-value-parser-3.3.1.tgz#9ff822547e2893213cf1c30efa51ac5fd1ba8281"
  integrity sha512-pISE66AbVkp4fDQ7VHBwRNXzAAKJjw4Vw7nWI/+Q3vuly7SNfgYXvm6i5IgFylHGK5sP/xHAbB7N49OS4gWNyQ==

postcss-value-parser@^4.1.0:
  version "4.1.0"
  resolved "https://registry.yarnpkg.com/postcss-value-parser/-/postcss-value-parser-4.1.0.tgz#443f6a20ced6481a2bda4fa8532a6e55d789a2cb"
  integrity sha512-97DXOFbQJhk71ne5/Mt6cOu6yxsSfM0QGQyl0L25Gca4yGWEGJaig7l7gbCX623VqTBNGLRLaVUCnNkcedlRSQ==

postcss@7.0.32:
  version "7.0.32"
  resolved "https://registry.yarnpkg.com/postcss/-/postcss-7.0.32.tgz#4310d6ee347053da3433db2be492883d62cec59d"
  integrity sha512-03eXong5NLnNCD05xscnGKGDZ98CyzoqPSMjOe6SuoQY7Z2hIj0Ld1g/O/UQRuOle2aRtiIRDg9tDcTGAkLfKw==
  dependencies:
    chalk "^2.4.2"
    source-map "^0.6.1"
    supports-color "^6.1.0"

postcss@^6.0.9:
  version "6.0.23"
  resolved "https://registry.yarnpkg.com/postcss/-/postcss-6.0.23.tgz#61c82cc328ac60e677645f979054eb98bc0e3324"
  integrity sha512-soOk1h6J3VMTZtVeVpv15/Hpdl2cBLX3CAw4TAbkpTJiNPk9YP/zWcD1ND+xEtvyuuvKzbxliTOIyvkSeSJ6ag==
  dependencies:
    chalk "^2.4.1"
    source-map "^0.6.1"
    supports-color "^5.4.0"

postcss@^7.0.11, postcss@^7.0.18, postcss@^7.0.32:
  version "7.0.35"
  resolved "https://registry.yarnpkg.com/postcss/-/postcss-7.0.35.tgz#d2be00b998f7f211d8a276974079f2e92b970e24"
  integrity sha512-3QT8bBJeX/S5zKTTjTCIjRF3If4avAT6kqxcASlTWEtAFCb9NH0OUxNDfgZSWdP5fJnBYCMEWkIFfWeugjzYMg==
  dependencies:
    chalk "^2.4.2"
    source-map "^0.6.1"
    supports-color "^6.1.0"

pretty-hrtime@^1.0.3:
  version "1.0.3"
  resolved "https://registry.yarnpkg.com/pretty-hrtime/-/pretty-hrtime-1.0.3.tgz#b7e3ea42435a4c9b2759d99e0f201eb195802ee1"
  integrity sha1-t+PqQkNaTJsnWdmeDyAesZWALuE=

purgecss@^2.3.0:
  version "2.3.0"
  resolved "https://registry.yarnpkg.com/purgecss/-/purgecss-2.3.0.tgz#5327587abf5795e6541517af8b190a6fb5488bb3"
  integrity sha512-BE5CROfVGsx2XIhxGuZAT7rTH9lLeQx/6M0P7DTXQH4IUc3BBzs9JUzt4yzGf3JrH9enkeq6YJBe9CTtkm1WmQ==
  dependencies:
    commander "^5.0.0"
    glob "^7.0.0"
    postcss "7.0.32"
    postcss-selector-parser "^6.0.2"

reduce-css-calc@^2.1.6:
  version "2.1.7"
  resolved "https://registry.yarnpkg.com/reduce-css-calc/-/reduce-css-calc-2.1.7.tgz#1ace2e02c286d78abcd01fd92bfe8097ab0602c2"
  integrity sha512-fDnlZ+AybAS3C7Q9xDq5y8A2z+lT63zLbynew/lur/IR24OQF5x98tfNwf79mzEdfywZ0a2wpM860FhFfMxZlA==
  dependencies:
    css-unit-converter "^1.1.1"
    postcss-value-parser "^3.3.0"

resolve@^1.14.2:
  version "1.17.0"
  resolved "https://registry.yarnpkg.com/resolve/-/resolve-1.17.0.tgz#b25941b54968231cc2d1bb76a79cb7f2c0bf8444"
  integrity sha512-ic+7JYiV8Vi2yzQGFWOkiZD5Z9z7O2Zhm9XMaTxdJExKasieFCr+yXZ/WmXsckHiKl12ar0y6XiXDx3m4RHn1w==
  dependencies:
    path-parse "^1.0.6"

simple-swizzle@^0.2.2:
  version "0.2.2"
  resolved "https://registry.yarnpkg.com/simple-swizzle/-/simple-swizzle-0.2.2.tgz#a4da6b635ffcccca33f70d17cb92592de95e557a"
  integrity sha1-pNprY1/8zMoz9w0Xy5JZLeleVXo=
  dependencies:
    is-arrayish "^0.3.1"

source-map@^0.6.1:
  version "0.6.1"
  resolved "https://registry.yarnpkg.com/source-map/-/source-map-0.6.1.tgz#74722af32e9614e9c287a8d0bbde48b5e2f1a263"
  integrity sha512-UjgapumWlbMhkBgzT7Ykc5YXUT46F0iKu8SGXq0bcwP5dz/h0Plj6enJqjz1Zbq2l5WaqYnrVbwWOWMyF3F47g==

sprintf-js@~1.0.2:
  version "1.0.3"
  resolved "https://registry.yarnpkg.com/sprintf-js/-/sprintf-js-1.0.3.tgz#04e6926f662895354f3dd015203633b857297e2c"
  integrity sha1-BOaSb2YolTVPPdAVIDYzuFcpfiw=

strip-ansi@^6.0.0:
  version "6.0.0"
  resolved "https://registry.yarnpkg.com/strip-ansi/-/strip-ansi-6.0.0.tgz#0b1571dd7669ccd4f3e06e14ef1eed26225ae532"
  integrity sha512-AuvKTrTfQNYNIctbR1K/YGTR1756GycPsg7b9bdV9Duqur4gv6aKqHXah67Z8ImS7WEz5QVcOtlfW2rZEugt6w==
  dependencies:
    ansi-regex "^5.0.0"

supports-color@^5.3.0, supports-color@^5.4.0:
  version "5.5.0"
  resolved "https://registry.yarnpkg.com/supports-color/-/supports-color-5.5.0.tgz#e2e69a44ac8772f78a1ec0b35b689df6530efc8f"
  integrity sha512-QjVjwdXIt408MIiAqCX4oUKsgU2EqAGzs2Ppkm4aQYbjm+ZEWEcW4SfFNTr4uMNZma0ey4f5lgLrkB0aX0QMow==
  dependencies:
    has-flag "^3.0.0"

supports-color@^6.1.0:
  version "6.1.0"
  resolved "https://registry.yarnpkg.com/supports-color/-/supports-color-6.1.0.tgz#0764abc69c63d5ac842dd4867e8d025e880df8f3"
  integrity sha512-qe1jfm1Mg7Nq/NSh6XE24gPXROEVsWHxC1LIx//XNlD9iw7YZQGjZNjYN7xGaEG6iKdA8EtNFW6R0gjnVXp+wQ==
  dependencies:
    has-flag "^3.0.0"

supports-color@^7.1.0:
  version "7.2.0"
  resolved "https://registry.yarnpkg.com/supports-color/-/supports-color-7.2.0.tgz#1b7dcdcb32b8138801b3e478ba6a51caa89648da"
  integrity sha512-qpCAvRl9stuOHveKsn7HncJRvv501qIacKzQlO/+Lwxc9+0q2wLyv4Dfvt80/DPn2pqOBsJdDiogXGR9+OvwRw==
  dependencies:
    has-flag "^4.0.0"

tailwindcss@1.4.6:
  version "1.4.6"
  resolved "https://registry.yarnpkg.com/tailwindcss/-/tailwindcss-1.4.6.tgz#17b37166ccda08d7e7f9ca995ea48ce1e0089700"
  integrity sha512-qV0qInUq1FWih39Bc5CWECdgObSzRrbjGD4ke4kAPSIq6WXrPhv0wwOcUWJgJ66ltT9j+XnSRYikG8WNRU/fTQ==
  dependencies:
    "@fullhuman/postcss-purgecss" "^2.1.2"
    autoprefixer "^9.4.5"
    browserslist "^4.12.0"
    bytes "^3.0.0"
    chalk "^4.0.0"
    color "^3.1.2"
    detective "^5.2.0"
    fs-extra "^8.0.0"
    lodash "^4.17.15"
    node-emoji "^1.8.1"
    normalize.css "^8.0.1"
    postcss "^7.0.11"
    postcss-functions "^3.0.0"
    postcss-js "^2.0.0"
    postcss-nested "^4.1.1"
    postcss-selector-parser "^6.0.0"
    pretty-hrtime "^1.0.3"
    reduce-css-calc "^2.1.6"
    resolve "^1.14.2"

uniq@^1.0.1:
  version "1.0.1"
  resolved "https://registry.yarnpkg.com/uniq/-/uniq-1.0.1.tgz#b31c5ae8254844a3a8281541ce2b04b865a734ff"
  integrity sha1-sxxa6CVIRKOoKBVBzisEuGWnNP8=

universalify@^0.1.0:
  version "0.1.2"
  resolved "https://registry.yarnpkg.com/universalify/-/universalify-0.1.2.tgz#b646f69be3942dabcecc9d6639c80dc105efaa66"
  integrity sha512-rBJeI5CXAlmy1pV+617WB9J63U6XcazHHF2f2dbJix4XzpUF0RS3Zbj0FGIOCAva5P/d/GBOYaACQ1w+0azUkg==

util-deprecate@^1.0.2:
  version "1.0.2"
  resolved "https://registry.yarnpkg.com/util-deprecate/-/util-deprecate-1.0.2.tgz#450d4dc9fa70de732762fbd2d4a28981419a0ccf"
  integrity sha1-RQ1Nyfpw3nMnYvvS1KKJgUGaDM8=

wrappy@1:
  version "1.0.2"
  resolved "https://registry.yarnpkg.com/wrappy/-/wrappy-1.0.2.tgz#b5243d8f3ec1aa35f1364605bc0d1036e30ab69f"
  integrity sha1-tSQ9jz7BqjXxNkYFvA0QNuMKtp8=

xmlbuilder2@^2.1.1:
  version "2.4.0"
  resolved "https://registry.yarnpkg.com/xmlbuilder2/-/xmlbuilder2-2.4.0.tgz#fb6c5171bef1bcb984c88cfef5210e17b7b841cd"
  integrity sha512-KrOVUGD65xTQ7ZA+GMQGdBSpe1Ufu5ylCQSYVk6QostySDkxPmAQ0WWIu7dR3JjLfVbF22RFQX7KyrZ6VTLcQg==
  dependencies:
    "@oozcitak/dom" "1.15.8"
    "@oozcitak/infra" "1.0.8"
    "@oozcitak/util" "8.3.8"
    "@types/node" "14.6.2"
    js-yaml "3.14.0"

xtend@^4.0.2:
  version "4.0.2"
  resolved "https://registry.yarnpkg.com/xtend/-/xtend-4.0.2.tgz#bb72779f5fa465186b1f438f674fa347fdb5db54"
  integrity sha512-LKYU1iAXJXUgAXn9URjiu+MWhyUXHsvfp7mcuYm9dSUKK0/CjtrUwFAxD82/mCWbtLsGjFIad0wIsod4zrTAEQ==
